# This file is automatically @generated by Cargo.
# It is not intended for manual editing.
version = 4

[[package]]
name = "main"
version = "0.1.0"
dependencies = [
 "student_system",
 "teacher_system",
]

[[package]]
name = "shared"
version = "0.1.0"

[[package]]
name = "student_system"
version = "0.1.0"
dependencies = [
 "shared",
]

[[package]]
name = "teacher_system"
version = "0.1.0"
dependencies = [
 "shared",
]
